
Microsoft Visual Studio Solution File, Format Version 12.00
# Visual Studio 15
VisualStudioVersion = 15.0.27703.2018
MinimumVisualStudioVersion = 10.0.40219.1
Project("{9A19103F-16F7-4668-BE54-9A1E7A4F7556}") = "CRUD", "CRUD\CRUD.csproj", "{A35A9913-CCD1-4E6B-A342-9B260CA1CD5E}"
EndProject
Project("{FAE04EC0-301F-11D3-BF4B-00C04F79EFBC}") = "OSN", "ClassLibrary1\OSN.csproj", "{3E182C79-E7C9-4A17-85DC-EB4B00B83CB2}"
EndProject
Project("{FAE04EC0-301F-11D3-BF4B-00C04F79EFBC}") = "Environment", "Environment\Environment.csproj", "{9653A53E-2276-4A56-930A-112D3BD0829B}"
EndProject
Global
	GlobalSection(SolutionConfigurationPlatforms) = preSolution
		Debug|Any CPU = Debug|Any CPU
		Release|Any CPU = Release|Any CPU
	EndGlobalSection
	GlobalSection(ProjectConfigurationPlatforms) = postSolution
		{A35A9913-CCD1-4E6B-A342-9B260CA1CD5E}.Debug|Any CPU.ActiveCfg = Debug|Any CPU
		{A35A9913-CCD1-4E6B-A342-9B260CA1CD5E}.Debug|Any CPU.Build.0 = Debug|Any CPU
		{A35A9913-CCD1-4E6B-A342-9B260CA1CD5E}.Release|Any CPU.ActiveCfg = Release|Any CPU
		{A35A9913-CCD1-4E6B-A342-9B260CA1CD5E}.Release|Any CPU.Build.0 = Release|Any CPU
		{3E182C79-E7C9-4A17-85DC-EB4B00B83CB2}.Debug|Any CPU.ActiveCfg = Debug|Any CPU
		{3E182C79-E7C9-4A17-85DC-EB4B00B83CB2}.Debug|Any CPU.Build.0 = Debug|Any CPU
		{3E182C79-E7C9-4A17-85DC-EB4B00B83CB2}.Release|Any CPU.ActiveCfg = Release|Any CPU
		{3E182C79-E7C9-4A17-85DC-EB4B00B83CB2}.Release|Any CPU.Build.0 = Release|Any CPU
		{9653A53E-2276-4A56-930A-112D3BD0829B}.Debug|Any CPU.ActiveCfg = Debug|Any CPU
		{9653A53E-2276-4A56-930A-112D3BD0829B}.Debug|Any CPU.Build.0 = Debug|Any CPU
		{9653A53E-2276-4A56-930A-112D3BD0829B}.Release|Any CPU.ActiveCfg = Release|Any CPU
		{9653A53E-2276-4A56-930A-112D3BD0829B}.Release|Any CPU.Build.0 = Release|Any CPU
	EndGlobalSection
	GlobalSection(SolutionProperties) = preSolution
		HideSolutionNode = FALSE
	EndGlobalSection
	GlobalSection(ExtensibilityGlobals) = postSolution
		SolutionGuid = {765F9270-12FB-495B-9FFB-2FE078B5AA22}
	EndGlobalSection
EndGlobal
